<Solution>
  <Folder Name="/src/">
    <Project Path="Afham.API/Afham.API.csproj" />
    <Project Path="Application/Application.csproj" />
    <Project Path="Domain/Domain.csproj" />
    <Project Path="Infrastructure/Infrastructure.csproj" />
  </Folder>
  <Folder Name="/test/">
    <Project Path="IntegrationTests/IntegrationTests.csproj" />
    <Project Path="Tests/Tests.csproj" />
  </Folder>
</Solution>
